
Microsoft Visual Studio Solution File, Format Version 12.00
# Visual Studio 14
VisualStudioVersion = 14.0.22823.1
MinimumVisualStudioVersion = 10.0.40219.1
Project("{FAE04EC0-301F-11D3-BF4B-00C04F79EFBC}") = "TestRunner", "TestRunner\TestRunner.csproj", "{EA442489-0B64-470B-A32E-F292AA3D4E6C}"
EndProject
Project("{FAE04EC0-301F-11D3-BF4B-00C04F79EFBC}") = "TestRunner.UnitTests", "TestRunner.UnitTests\TestRunner.UnitTests.csproj", "{78E9CF63-8027-4139-B839-892B094E18E4}"
EndProject
Global
	GlobalSection(SolutionConfigurationPlatforms) = preSolution
		Debug|Any CPU = Debug|Any CPU
		Release|Any CPU = Release|Any CPU
	EndGlobalSection
	GlobalSection(ProjectConfigurationPlatforms) = postSolution
		{EA442489-0B64-470B-A32E-F292AA3D4E6C}.Debug|Any CPU.ActiveCfg = Debug|Any CPU
		{EA442489-0B64-470B-A32E-F292AA3D4E6C}.Debug|Any CPU.Build.0 = Debug|Any CPU
		{EA442489-0B64-470B-A32E-F292AA3D4E6C}.Release|Any CPU.ActiveCfg = Release|Any CPU
		{EA442489-0B64-470B-A32E-F292AA3D4E6C}.Release|Any CPU.Build.0 = Release|Any CPU
		{78E9CF63-8027-4139-B839-892B094E18E4}.Debug|Any CPU.ActiveCfg = Debug|Any CPU
		{78E9CF63-8027-4139-B839-892B094E18E4}.Debug|Any CPU.Build.0 = Debug|Any CPU
		{78E9CF63-8027-4139-B839-892B094E18E4}.Release|Any CPU.ActiveCfg = Release|Any CPU
		{78E9CF63-8027-4139-B839-892B094E18E4}.Release|Any CPU.Build.0 = Release|Any CPU
	EndGlobalSection
	GlobalSection(SolutionProperties) = preSolution
		HideSolutionNode = FALSE
	EndGlobalSection
EndGlobal
